
Microsoft Visual Studio Solution File, Format Version 12.00
# Visual Studio Version 16
VisualStudioVersion = 16.0.29905.134
MinimumVisualStudioVersion = 10.0.40219.1
Project("{FAE04EC0-301F-11D3-BF4B-00C04F79EFBC}") = "AzulotBot", "AzulotBot\AzulotBot.csproj", "{DE629DC3-D35D-4EDF-A710-CD45C4079B92}"
EndProject
Global
	GlobalSection(SolutionConfigurationPlatforms) = preSolution
		Debug|Any CPU = Debug|Any CPU
		Release|Any CPU = Release|Any CPU
	EndGlobalSection
	GlobalSection(ProjectConfigurationPlatforms) = postSolution
		{DE629DC3-D35D-4EDF-A710-CD45C4079B92}.Debug|Any CPU.ActiveCfg = Debug|Any CPU
		{DE629DC3-D35D-4EDF-A710-CD45C4079B92}.Debug|Any CPU.Build.0 = Debug|Any CPU
		{DE629DC3-D35D-4EDF-A710-CD45C4079B92}.Release|Any CPU.ActiveCfg = Release|Any CPU
		{DE629DC3-D35D-4EDF-A710-CD45C4079B92}.Release|Any CPU.Build.0 = Release|Any CPU
	EndGlobalSection
	GlobalSection(SolutionProperties) = preSolution
		HideSolutionNode = FALSE
	EndGlobalSection
	GlobalSection(ExtensibilityGlobals) = postSolution
		SolutionGuid = {564E8DEA-66DA-429F-BB95-423DB4A5AA9C}
	EndGlobalSection
EndGlobal
